<?xml version="1.0" encoding="utf-8"?>
<Project ToolsVersion="4.0" xmlns="http://schemas.microsoft.com/developer/msbuild/2003">
  <ItemGroup>
    <Filter Include="Source Files">
      <UniqueIdentifier>{4FC737F1-C7A5-4376-A066-2A32D752A2FF}</UniqueIdentifier>
      <Extensions>cpp;c;cc;cxx;c++;cppm;ixx;def;odl;idl;hpj;bat;asm;asmx</Extensions>
    </Filter>
    <Filter Include="Header Files">
      <UniqueIdentifier>{93995380-89BD-4b04-88EB-625FBE52EBFB}</UniqueIdentifier>
      <Extensions>h;hh;hpp;hxx;h++;hm;inl;inc;ipp;xsd</Extensions>
    </Filter>
    <Filter Include="Resource Files">
      <UniqueIdentifier>{67DA6AB6-F800-4c08-8B7A-83BB121AAD01}</UniqueIdentifier>
      <Extensions>rc;ico;cur;bmp;dlg;rc2;rct;bin;rgs;gif;jpg;jpeg;jpe;resx;tiff;tif;png;wav;mfcribbon-ms</Extensions>
    </Filter>
    <Filter Include="Header Files\Core">
      <UniqueIdentifier>{e38d7594-0e35-46cb-87b0-0c66acc16331}</UniqueIdentifier>
    </Filter>
    <Filter Include="Header Files\Component">
      <UniqueIdentifier>{a78499a4-024c-40d3-ad01-6250ea8e72cf}</UniqueIdentifier>
    </Filter>
    <Filter Include="Header Files\System">
      <UniqueIdentifier>{2bf4b6a7-bb57-4cd4-968e-7560b3a3bc0f}</UniqueIdentifier>
    </Filter>
    <Filter Include="Source Files\Core">
      <UniqueIdentifier>{49573f88-e643-4824-9c3d-95b0de63473d}</UniqueIdentifier>
    </Filter>
    <Filter Include="Source Files\System">
      <UniqueIdentifier>{8a09d2ac-00b8-4449-8e71-7a8aa9a660a9}</UniqueIdentifier>
    </Filter>
    <Filter Include="Header Files\ECS_Entity_Ex">
      <UniqueIdentifier>{6a9dfd3f-05fb-408e-b3b1-948ea4e60dbf}</UniqueIdentifier>
    </Filter>
    <Filter Include="Source Files\ECS_Entity_Ex">
      <UniqueIdentifier>{9b0c8f16-3d6c-4e13-bcbf-36300b0801b5}</UniqueIdentifier>
    </Filter>
    <Filter Include="Source Files\EventHandler">
      <UniqueIdentifier>{da993a7c-7380-4c5f-91e6-afe8345792de}</UniqueIdentifier>
    </Filter>
    <Filter Include="Header Files\EventHandler">
      <UniqueIdentifier>{1a5871eb-c443-4f88-a4bd-820ad1a87eb0}</UniqueIdentifier>
    </Filter>
    <Filter Include="Header Files\Scene">
      <UniqueIdentifier>{3835134a-47ba-4bc9-a2f0-b836e9e023a5}</UniqueIdentifier>
    </Filter>
    <Filter Include="Source Files\Scene">
      <UniqueIdentifier>{a913cb13-5ee3-4848-9667-1c4e986012a6}</UniqueIdentifier>
    </Filter>
  </ItemGroup>
  <ItemGroup>
    <ClCompile Include="main.cpp">
      <Filter>Source Files</Filter>
    </ClCompile>
    <ClCompile Include="Engine.cpp">
      <Filter>Source Files</Filter>
    </ClCompile>
    <ClCompile Include="Core\ComponentManager.cpp">
      <Filter>Source Files\Core</Filter>
    </ClCompile>
    <ClCompile Include="Core\EntityManager.cpp">
      <Filter>Source Files\Core</Filter>
    </ClCompile>
    <ClCompile Include="Core\SystemBase.cpp">
      <Filter>Source Files\Core</Filter>
    </ClCompile>
    <ClCompile Include="Core\SystemManager.cpp">
      <Filter>Source Files\Core</Filter>
    </ClCompile>
    <ClCompile Include="DirectInput.cpp">
      <Filter>Source Files</Filter>
    </ClCompile>
    <ClCompile Include="System\GraphicSystem.cpp">
      <Filter>Source Files\System</Filter>
    </ClCompile>
    <ClCompile Include="System\InputSystem.cpp">
      <Filter>Source Files\System</Filter>
    </ClCompile>
    <ClCompile Include="TextureDatabase.cpp">
      <Filter>Source Files</Filter>
    </ClCompile>
    <ClCompile Include="System\PhysicSystem.cpp">
      <Filter>Source Files\System</Filter>
    </ClCompile>
    <ClCompile Include="EventHandler\EventHandling.cpp">
      <Filter>Source Files\EventHandler</Filter>
    </ClCompile>
    <ClCompile Include="EventHandler\PhysicEvent.cpp">
      <Filter>Source Files\EventHandler</Filter>
    </ClCompile>
    <ClCompile Include="ECS_Entity_Ex\Player.cpp">
      <Filter>Source Files\ECS_Entity_Ex</Filter>
    </ClCompile>
    <ClCompile Include="ECS_Entity_Ex\PlayerInputComponent.cpp">
      <Filter>Source Files\ECS_Entity_Ex</Filter>
    </ClCompile>
    <ClCompile Include="System\MovementSystem.cpp">
      <Filter>Source Files\System</Filter>
    </ClCompile>
    <ClCompile Include="Scene\SceneBase.cpp">
      <Filter>Source Files\Scene</Filter>
    </ClCompile>
    <ClCompile Include="Scene\SceneManager.cpp">
      <Filter>Source Files\Scene</Filter>
    </ClCompile>
    <ClCompile Include="Scene\Map_1_Background.cpp">
      <Filter>Source Files\Scene</Filter>
    </ClCompile>
    <ClCompile Include="SpriteDatabase.cpp">
      <Filter>Source Files</Filter>
    </ClCompile>
  </ItemGroup>
  <ItemGroup>
    <ClInclude Include="stdafx.h">
      <Filter>Header Files</Filter>
    </ClInclude>
    <ClInclude Include="Engine.h">
      <Filter>Header Files</Filter>
    </ClInclude>
    <ClInclude Include="Debug.h">
      <Filter>Header Files</Filter>
    </ClInclude>
    <ClInclude Include="Core\ComponentArray.h">
      <Filter>Header Files\Core</Filter>
    </ClInclude>
    <ClInclude Include="Core\ComponentManager.h">
      <Filter>Header Files\Core</Filter>
    </ClInclude>
    <ClInclude Include="Core\Coordinator.h">
      <Filter>Header Files\Core</Filter>
    </ClInclude>
    <ClInclude Include="Core\EntityManager.h">
      <Filter>Header Files\Core</Filter>
    </ClInclude>
    <ClInclude Include="Core\SystemBase.h">
      <Filter>Header Files\Core</Filter>
    </ClInclude>
    <ClInclude Include="Core\SystemManager.h">
      <Filter>Header Files\Core</Filter>
    </ClInclude>
    <ClInclude Include="Core\Type.h">
      <Filter>Header Files\Core</Filter>
    </ClInclude>
    <ClInclude Include="Core\Message.h">
      <Filter>Header Files</Filter>
    </ClInclude>
    <ClInclude Include="DirectInput.h">
      <Filter>Header Files</Filter>
    </ClInclude>
    <ClInclude Include="System\GraphicSystem.h">
      <Filter>Header Files\System</Filter>
    </ClInclude>
    <ClInclude Include="InputSystem.h">
      <Filter>Header Files\System</Filter>
    </ClInclude>
    <ClInclude Include="TextureDatabase.h">
      <Filter>Header Files</Filter>
    </ClInclude>
    <ClInclude Include="System\PhysicSystem.h">
      <Filter>Header Files\System</Filter>
    </ClInclude>
    <ClInclude Include="EventHandler\EventBase.h">
      <Filter>Header Files\EventHandler</Filter>
    </ClInclude>
    <ClInclude Include="EventHandler\EventHandling.h">
      <Filter>Header Files\EventHandler</Filter>
    </ClInclude>
    <ClInclude Include="EventHandler\HandlerFunctionBase.h">
      <Filter>Header Files\EventHandler</Filter>
    </ClInclude>
    <ClInclude Include="EventHandler\PhysicEvent.h">
      <Filter>Header Files\EventHandler</Filter>
    </ClInclude>
    <ClInclude Include="ECS_Entity_Ex\Player.h">
      <Filter>Header Files\ECS_Entity_Ex</Filter>
    </ClInclude>
    <ClInclude Include="ECS_Entity_Ex\PlayerInputComponent.h">
      <Filter>Header Files\ECS_Entity_Ex</Filter>
    </ClInclude>
    <ClInclude Include="Component\AnimationComponent.h">
      <Filter>Header Files\Component</Filter>
    </ClInclude>
    <ClInclude Include="Component\BoundingBoxComponent.h">
      <Filter>Header Files\Component</Filter>
    </ClInclude>
    <ClInclude Include="Component\EntityTypeComponent.h">
      <Filter>Header Files\Component</Filter>
    </ClInclude>
    <ClInclude Include="Component\PositionComponent.h">
      <Filter>Header Files\Component</Filter>
    </ClInclude>
    <ClInclude Include="Component\SpeedComponent.h">
      <Filter>Header Files\Component</Filter>
    </ClInclude>
    <ClInclude Include="Component\SpriteComponent.h">
      <Filter>Header Files\Component</Filter>
    </ClInclude>
    <ClInclude Include="System\MovementSystem.h">
      <Filter>Header Files\System</Filter>
    </ClInclude>
    <ClInclude Include="Scene\SceneBase.h">
      <Filter>Header Files\Scene</Filter>
    </ClInclude>
    <ClInclude Include="Scene\SceneManager.h">
      <Filter>Header Files\Scene</Filter>
    </ClInclude>
    <ClInclude Include="Scene\Map_1_Background.h">
      <Filter>Header Files\Scene</Filter>
    </ClInclude>
    <ClInclude Include="SpriteDatabase.h">
      <Filter>Header Files</Filter>
    </ClInclude>
  </ItemGroup>
</Project>